
Microsoft Visual Studio Solution File, Format Version 12.00
# Visual Studio Version 17
VisualStudioVersion = 17.1.32319.34
MinimumVisualStudioVersion = 10.0.40219.1
Project("{FAE04EC0-301F-11D3-BF4B-00C04F79EFBC}") = "DevIO.App", "src\DevIO.App\DevIO.App.csproj", "{C91FE053-1389-4E8D-8313-0B3493327AE0}"
EndProject
Project("{FAE04EC0-301F-11D3-BF4B-00C04F79EFBC}") = "DevIO.Data", "src\DevIO.Data\DevIO.Data.csproj", "{BFF497AE-D81C-4128-AE7A-49E43D81E3D0}"
EndProject
Project("{FAE04EC0-301F-11D3-BF4B-00C04F79EFBC}") = "DevIO.Business", "src\DevIO.Business\DevIO.Business.csproj", "{7CF78C21-7CFA-4470-90D1-B7ADD25D8DCB}"
EndProject
Global
	GlobalSection(SolutionConfigurationPlatforms) = preSolution
		Debug|Any CPU = Debug|Any CPU
		Release|Any CPU = Release|Any CPU
	EndGlobalSection
	GlobalSection(ProjectConfigurationPlatforms) = postSolution
		{C91FE053-1389-4E8D-8313-0B3493327AE0}.Debug|Any CPU.ActiveCfg = Debug|Any CPU
		{C91FE053-1389-4E8D-8313-0B3493327AE0}.Debug|Any CPU.Build.0 = Debug|Any CPU
		{C91FE053-1389-4E8D-8313-0B3493327AE0}.Release|Any CPU.ActiveCfg = Release|Any CPU
		{C91FE053-1389-4E8D-8313-0B3493327AE0}.Release|Any CPU.Build.0 = Release|Any CPU
		{BFF497AE-D81C-4128-AE7A-49E43D81E3D0}.Debug|Any CPU.ActiveCfg = Debug|Any CPU
		{BFF497AE-D81C-4128-AE7A-49E43D81E3D0}.Debug|Any CPU.Build.0 = Debug|Any CPU
		{BFF497AE-D81C-4128-AE7A-49E43D81E3D0}.Release|Any CPU.ActiveCfg = Release|Any CPU
		{BFF497AE-D81C-4128-AE7A-49E43D81E3D0}.Release|Any CPU.Build.0 = Release|Any CPU
		{7CF78C21-7CFA-4470-90D1-B7ADD25D8DCB}.Debug|Any CPU.ActiveCfg = Debug|Any CPU
		{7CF78C21-7CFA-4470-90D1-B7ADD25D8DCB}.Debug|Any CPU.Build.0 = Debug|Any CPU
		{7CF78C21-7CFA-4470-90D1-B7ADD25D8DCB}.Release|Any CPU.ActiveCfg = Release|Any CPU
		{7CF78C21-7CFA-4470-90D1-B7ADD25D8DCB}.Release|Any CPU.Build.0 = Release|Any CPU
	EndGlobalSection
	GlobalSection(SolutionProperties) = preSolution
		HideSolutionNode = FALSE
	EndGlobalSection
	GlobalSection(ExtensibilityGlobals) = postSolution
		SolutionGuid = {3BD9555F-13BA-4232-BD81-AA779E31BC66}
	EndGlobalSection
EndGlobal
